
Microsoft Visual Studio Solution File, Format Version 12.00
Project("{FAE04EC0-301F-11D3-BF4B-00C04F79EFBC}") = "QuaRCSharp", "QuaRCSharp\QuaRCSharp.csproj", "{5670BB71-118A-4CEB-AC44-5240E7356A88}"
EndProject
Project("{FAE04EC0-301F-11D3-BF4B-00C04F79EFBC}") = "QuaRCSharp.Tests", "QuaRCSharp.Tests\QuaRCSharp.Tests.csproj", "{81302797-ED15-4B4C-B8DD-F03873F9D7A4}"
EndProject
Global
	GlobalSection(SolutionConfigurationPlatforms) = preSolution
		Debug|Any CPU = Debug|Any CPU
		Release|Any CPU = Release|Any CPU
	EndGlobalSection
	GlobalSection(ProjectConfigurationPlatforms) = postSolution
		{5670BB71-118A-4CEB-AC44-5240E7356A88}.Debug|Any CPU.ActiveCfg = Debug|Any CPU
		{5670BB71-118A-4CEB-AC44-5240E7356A88}.Debug|Any CPU.Build.0 = Debug|Any CPU
		{5670BB71-118A-4CEB-AC44-5240E7356A88}.Release|Any CPU.ActiveCfg = Release|Any CPU
		{5670BB71-118A-4CEB-AC44-5240E7356A88}.Release|Any CPU.Build.0 = Release|Any CPU
		{81302797-ED15-4B4C-B8DD-F03873F9D7A4}.Debug|Any CPU.ActiveCfg = Debug|Any CPU
		{81302797-ED15-4B4C-B8DD-F03873F9D7A4}.Debug|Any CPU.Build.0 = Debug|Any CPU
		{81302797-ED15-4B4C-B8DD-F03873F9D7A4}.Release|Any CPU.ActiveCfg = Release|Any CPU
		{81302797-ED15-4B4C-B8DD-F03873F9D7A4}.Release|Any CPU.Build.0 = Release|Any CPU
	EndGlobalSection
EndGlobal
